{
    "name": "snackytrails-api",
    "version": "1.0.0",
    "lockfileVersion": 3,
    "requires": true,
    "packages": {
        "": {
            "name": "snackytrails-api",
            "version": "1.0.0",
            "dependencies": {
                "bcryptjs": "^2.4.3",
                "jose": "^5.8.0",
                "typescript": "^5.5.4"
            }
        },
        "node_modules/bcryptjs": {
            "version": "2.4.3",
            "resolved": "https://registry.npmjs.org/bcryptjs/-/bcryptjs-2.4.3.tgz",
            "integrity": "sha512-V/Hy/X9Vt7f3BbPJEi8BdVFMByHi+jNXrYkW3huaybV/kQ0KJg0Y6PkEMbn+zeT+i+SiKZ/HMqJGIIt4LZDqNQ=="
        },
        "node_modules/jose": {
            "version": "5.8.0",
            "resolved": "https://registry.npmjs.org/jose/-/jose-5.8.0.tgz",
            "integrity": "sha512-E7CqYpL/t7MMnfGnK/eg416OsFCVUrU/Y3Vwe7QjKhu/BkS1Ms455+2xsqZQVN57/U2MHMBvEb5SrmAZWAIntA==",
            "funding": {
                "url": "https://github.com/sponsors/panva"
            }
        },
        "node_modules/typescript": {
            "version": "5.5.4",
            "resolved": "https://registry.npmjs.org/typescript/-/typescript-5.5.4.tgz",
            "integrity": "sha512-Mtq29sKDAEYP7aljRgtPOpTvOfbwRWlS6dPRzwjdE+C0R4brX/GUyhHSecbHMFLNBLcJIPt9nl9yG5TZ1weH+Q==",
            "bin": {
                "tsc": "bin/tsc",
                "tsserver": "bin/tsserver"
            },
            "engines": {
                "node": ">=14.17"
            }
        }
    }
}
